
Microsoft Visual Studio Solution File, Format Version 12.00
# Visual Studio Version 17
VisualStudioVersion = 17.5.33530.505
MinimumVisualStudioVersion = 10.0.40219.1
Project("{FAE04EC0-301F-11D3-BF4B-00C04F79EFBC}") = "ConsoleApp31", "ConsoleApp31\ConsoleApp31.csproj", "{CC4C0615-8BA8-4B59-B330-67906BACDB9E}"
EndProject
Global
	GlobalSection(SolutionConfigurationPlatforms) = preSolution
		Debug|Any CPU = Debug|Any CPU
		Release|Any CPU = Release|Any CPU
	EndGlobalSection
	GlobalSection(ProjectConfigurationPlatforms) = postSolution
		{CC4C0615-8BA8-4B59-B330-67906BACDB9E}.Debug|Any CPU.ActiveCfg = Debug|Any CPU
		{CC4C0615-8BA8-4B59-B330-67906BACDB9E}.Debug|Any CPU.Build.0 = Debug|Any CPU
		{CC4C0615-8BA8-4B59-B330-67906BACDB9E}.Release|Any CPU.ActiveCfg = Release|Any CPU
		{CC4C0615-8BA8-4B59-B330-67906BACDB9E}.Release|Any CPU.Build.0 = Release|Any CPU
	EndGlobalSection
	GlobalSection(SolutionProperties) = preSolution
		HideSolutionNode = FALSE
	EndGlobalSection
	GlobalSection(ExtensibilityGlobals) = postSolution
		SolutionGuid = {DD079B6C-3BED-4548-8BE7-72A2EEB842A3}
	EndGlobalSection
EndGlobal
